
Microsoft Visual Studio Solution File, Format Version 12.00
# Visual Studio Version 17
VisualStudioVersion = 17.5.002.0
MinimumVisualStudioVersion = 10.0.40219.1
Project("{9A19103F-16F7-4668-BE54-9A1E7A4F7556}") = "02-variable", "02-variable.csproj", "{7EA17744-4EBD-4286-BBDD-86C8AFED3205}"
EndProject
Global
	GlobalSection(SolutionConfigurationPlatforms) = preSolution
		Debug|Any CPU = Debug|Any CPU
		Release|Any CPU = Release|Any CPU
	EndGlobalSection
	GlobalSection(ProjectConfigurationPlatforms) = postSolution
		{7EA17744-4EBD-4286-BBDD-86C8AFED3205}.Debug|Any CPU.ActiveCfg = Debug|Any CPU
		{7EA17744-4EBD-4286-BBDD-86C8AFED3205}.Debug|Any CPU.Build.0 = Debug|Any CPU
		{7EA17744-4EBD-4286-BBDD-86C8AFED3205}.Release|Any CPU.ActiveCfg = Release|Any CPU
		{7EA17744-4EBD-4286-BBDD-86C8AFED3205}.Release|Any CPU.Build.0 = Release|Any CPU
	EndGlobalSection
	GlobalSection(SolutionProperties) = preSolution
		HideSolutionNode = FALSE
	EndGlobalSection
	GlobalSection(ExtensibilityGlobals) = postSolution
		SolutionGuid = {900EF22D-2E7F-4F84-A04E-F9294B10E249}
	EndGlobalSection
EndGlobal
